
Microsoft Visual Studio Solution File, Format Version 12.00
# Visual Studio Version 16
VisualStudioVersion = 16.0.32802.440
MinimumVisualStudioVersion = 10.0.40219.1
Project("{FAE04EC0-301F-11D3-BF4B-00C04F79EFBC}") = "ProductsApplication", "ProductsApplication\ProductsApplication.csproj", "{ECF68ABD-6EDA-4336-B2DF-0ED6B34BF2B8}"
EndProject
Global
	GlobalSection(SolutionConfigurationPlatforms) = preSolution
		Debug|Any CPU = Debug|Any CPU
		Release|Any CPU = Release|Any CPU
	EndGlobalSection
	GlobalSection(ProjectConfigurationPlatforms) = postSolution
		{ECF68ABD-6EDA-4336-B2DF-0ED6B34BF2B8}.Debug|Any CPU.ActiveCfg = Debug|Any CPU
		{ECF68ABD-6EDA-4336-B2DF-0ED6B34BF2B8}.Debug|Any CPU.Build.0 = Debug|Any CPU
		{ECF68ABD-6EDA-4336-B2DF-0ED6B34BF2B8}.Release|Any CPU.ActiveCfg = Release|Any CPU
		{ECF68ABD-6EDA-4336-B2DF-0ED6B34BF2B8}.Release|Any CPU.Build.0 = Release|Any CPU
	EndGlobalSection
	GlobalSection(SolutionProperties) = preSolution
		HideSolutionNode = FALSE
	EndGlobalSection
	GlobalSection(ExtensibilityGlobals) = postSolution
		SolutionGuid = {77C1A5A1-1116-46FD-8DFD-5A8D071C7564}
	EndGlobalSection
EndGlobal
